
Microsoft Visual Studio Solution File, Format Version 12.00
# Visual Studio Version 17
VisualStudioVersion = 17.5.33627.172
MinimumVisualStudioVersion = 10.0.40219.1
Project("{FAE04EC0-301F-11D3-BF4B-00C04F79EFBC}") = "PIZERRIAGM", "PIZERRIAGM.csproj", "{5B11DC48-F2B9-4787-8FB2-80B1605810D7}"
EndProject
Global
	GlobalSection(SolutionConfigurationPlatforms) = preSolution
		Debug|Any CPU = Debug|Any CPU
		Release|Any CPU = Release|Any CPU
	EndGlobalSection
	GlobalSection(ProjectConfigurationPlatforms) = postSolution
		{5B11DC48-F2B9-4787-8FB2-80B1605810D7}.Debug|Any CPU.ActiveCfg = Debug|Any CPU
		{5B11DC48-F2B9-4787-8FB2-80B1605810D7}.Debug|Any CPU.Build.0 = Debug|Any CPU
		{5B11DC48-F2B9-4787-8FB2-80B1605810D7}.Release|Any CPU.ActiveCfg = Release|Any CPU
		{5B11DC48-F2B9-4787-8FB2-80B1605810D7}.Release|Any CPU.Build.0 = Release|Any CPU
	EndGlobalSection
	GlobalSection(SolutionProperties) = preSolution
		HideSolutionNode = FALSE
	EndGlobalSection
	GlobalSection(ExtensibilityGlobals) = postSolution
		SolutionGuid = {699C2615-76B3-48E8-8BAE-D8D381A5AFEC}
	EndGlobalSection
EndGlobal
